// !$*UTF8*$!
{
	archiveVersion = 1;
	classes = {
	};
	objectVersion = 56;
	objects = {

/* Begin PBXBuildFile section */
		1F365D132B5D636A00702255 /* FavoriteButton.swift in Sources */ = {isa = PBXBuildFile; fileRef = 1F365D122B5D636A00702255 /* FavoriteButton.swift */; };
		1FB0CE0E2B5C4BAB00A579F2 /* LandmarksApp.swift in Sources */ = {isa = PBXBuildFile; fileRef = 1FB0CE0D2B5C4BAB00A579F2 /* LandmarksApp.swift */; };
		1FB0CE102B5C4BAB00A579F2 /* ContentView.swift in Sources */ = {isa = PBXBuildFile; fileRef = 1FB0CE0F2B5C4BAB00A579F2 /* ContentView.swift */; };
		1FB0CE122B5C4BAC00A579F2 /* Assets.xcassets in Resources */ = {isa = PBXBuildFile; fileRef = 1FB0CE112B5C4BAC00A579F2 /* Assets.xcassets */; };
		1FB0CE152B5C4BAC00A579F2 /* Preview Assets.xcassets in Resources */ = {isa = PBXBuildFile; fileRef = 1FB0CE142B5C4BAC00A579F2 /* Preview Assets.xcassets */; };
		1FB0CE1C2B5C4E3300A579F2 /* CircleImage.swift in Sources */ = {isa = PBXBuildFile; fileRef = 1FB0CE1B2B5C4E3300A579F2 /* CircleImage.swift */; };
		1FB0CE1E2B5C559900A579F2 /* MapView.swift in Sources */ = {isa = PBXBuildFile; fileRef = 1FB0CE1D2B5C559900A579F2 /* MapView.swift */; };
		1FB0CE202B5C57B700A579F2 /* landmarkData.json in Resources */ = {isa = PBXBuildFile; fileRef = 1FB0CE1F2B5C57B700A579F2 /* landmarkData.json */; };
		1FB0CE222B5C57CE00A579F2 /* Landmark.swift in Sources */ = {isa = PBXBuildFile; fileRef = 1FB0CE212B5C57CE00A579F2 /* Landmark.swift */; };
		1FB0CE242B5C5A5B00A579F2 /* ModelData.swift in Sources */ = {isa = PBXBuildFile; fileRef = 1FB0CE232B5C5A5B00A579F2 /* ModelData.swift */; };
		1FB0CE292B5C749200A579F2 /* LandmarkRow.swift in Sources */ = {isa = PBXBuildFile; fileRef = 1FB0CE282B5C749200A579F2 /* LandmarkRow.swift */; };
		1FB0CE2B2B5C762D00A579F2 /* LandmarkList.swift in Sources */ = {isa = PBXBuildFile; fileRef = 1FB0CE2A2B5C762D00A579F2 /* LandmarkList.swift */; };
		1FB0CE2D2B5C769100A579F2 /* LandmarkDetail.swift in Sources */ = {isa = PBXBuildFile; fileRef = 1FB0CE2C2B5C769100A579F2 /* LandmarkDetail.swift */; };
		1FCB1D182B6051D100F17852 /* BadgeBackground.swift in Sources */ = {isa = PBXBuildFile; fileRef = 1FCB1D172B6051D100F17852 /* BadgeBackground.swift */; };
		1FCB1D1E2B60530700F17852 /* Badge.swift in Sources */ = {isa = PBXBuildFile; fileRef = 1FCB1D1A2B60530700F17852 /* Badge.swift */; };
		1FCB1D1F2B60530700F17852 /* HexagonParameters.swift in Sources */ = {isa = PBXBuildFile; fileRef = 1FCB1D1B2B60530700F17852 /* HexagonParameters.swift */; };
		1FCB1D202B60530700F17852 /* RotatedBadgeSymbol.swift in Sources */ = {isa = PBXBuildFile; fileRef = 1FCB1D1C2B60530700F17852 /* RotatedBadgeSymbol.swift */; };
		1FCB1D212B60530700F17852 /* BadgeSymbol.swift in Sources */ = {isa = PBXBuildFile; fileRef = 1FCB1D1D2B60530700F17852 /* BadgeSymbol.swift */; };
		1FD63C462B6E590500DBC773 /* hikeData.json in Resources */ = {isa = PBXBuildFile; fileRef = 1FD63C452B6E590500DBC773 /* hikeData.json */; };
		1FD63C482B6E591700DBC773 /* Hike.swift in Sources */ = {isa = PBXBuildFile; fileRef = 1FD63C472B6E591700DBC773 /* Hike.swift */; };
		1FD63C4E2B6E5A1600DBC773 /* GraphCapsule.swift in Sources */ = {isa = PBXBuildFile; fileRef = 1FD63C4A2B6E5A1600DBC773 /* GraphCapsule.swift */; };
		1FD63C4F2B6E5A1600DBC773 /* HikeGraph.swift in Sources */ = {isa = PBXBuildFile; fileRef = 1FD63C4B2B6E5A1600DBC773 /* HikeGraph.swift */; };
		1FD63C502B6E5A1600DBC773 /* HikeDetail.swift in Sources */ = {isa = PBXBuildFile; fileRef = 1FD63C4C2B6E5A1600DBC773 /* HikeDetail.swift */; };
		1FD63C512B6E5A1600DBC773 /* HikeView.swift in Sources */ = {isa = PBXBuildFile; fileRef = 1FD63C4D2B6E5A1600DBC773 /* HikeView.swift */; };
		1FD63C542B6E832F00DBC773 /* CategoryHome.swift in Sources */ = {isa = PBXBuildFile; fileRef = 1FD63C532B6E832F00DBC773 /* CategoryHome.swift */; };
		1FD63C562B6E846200DBC773 /* CategoryRow.swift in Sources */ = {isa = PBXBuildFile; fileRef = 1FD63C552B6E846200DBC773 /* CategoryRow.swift */; };
		1FD63C582B6E84F400DBC773 /* CategoryItem.swift in Sources */ = {isa = PBXBuildFile; fileRef = 1FD63C572B6E84F400DBC773 /* CategoryItem.swift */; };
/* End PBXBuildFile section */

/* Begin PBXFileReference section */
		1F365D122B5D636A00702255 /* FavoriteButton.swift */ = {isa = PBXFileReference; lastKnownFileType = sourcecode.swift; path = FavoriteButton.swift; sourceTree = "<group>"; };
		1FB0CE0A2B5C4BAB00A579F2 /* Landmarks.app */ = {isa = PBXFileReference; explicitFileType = wrapper.application; includeInIndex = 0; path = Landmarks.app; sourceTree = BUILT_PRODUCTS_DIR; };
		1FB0CE0D2B5C4BAB00A579F2 /* LandmarksApp.swift */ = {isa = PBXFileReference; lastKnownFileType = sourcecode.swift; path = LandmarksApp.swift; sourceTree = "<group>"; };
		1FB0CE0F2B5C4BAB00A579F2 /* ContentView.swift */ = {isa = PBXFileReference; lastKnownFileType = sourcecode.swift; path = ContentView.swift; sourceTree = "<group>"; };
		1FB0CE112B5C4BAC00A579F2 /* Assets.xcassets */ = {isa = PBXFileReference; lastKnownFileType = folder.assetcatalog; path = Assets.xcassets; sourceTree = "<group>"; };
		1FB0CE142B5C4BAC00A579F2 /* Preview Assets.xcassets */ = {isa = PBXFileReference; lastKnownFileType = folder.assetcatalog; path = "Preview Assets.xcassets"; sourceTree = "<group>"; };
		1FB0CE1B2B5C4E3300A579F2 /* CircleImage.swift */ = {isa = PBXFileReference; lastKnownFileType = sourcecode.swift; path = CircleImage.swift; sourceTree = "<group>"; };
		1FB0CE1D2B5C559900A579F2 /* MapView.swift */ = {isa = PBXFileReference; lastKnownFileType = sourcecode.swift; path = MapView.swift; sourceTree = "<group>"; };
		1FB0CE1F2B5C57B700A579F2 /* landmarkData.json */ = {isa = PBXFileReference; fileEncoding = 4; lastKnownFileType = text.json; path = landmarkData.json; sourceTree = "<group>"; };
		1FB0CE212B5C57CE00A579F2 /* Landmark.swift */ = {isa = PBXFileReference; lastKnownFileType = sourcecode.swift; path = Landmark.swift; sourceTree = "<group>"; };
		1FB0CE232B5C5A5B00A579F2 /* ModelData.swift */ = {isa = PBXFileReference; lastKnownFileType = sourcecode.swift; path = ModelData.swift; sourceTree = "<group>"; };
		1FB0CE282B5C749200A579F2 /* LandmarkRow.swift */ = {isa = PBXFileReference; lastKnownFileType = sourcecode.swift; path = LandmarkRow.swift; sourceTree = "<group>"; };
		1FB0CE2A2B5C762D00A579F2 /* LandmarkList.swift */ = {isa = PBXFileReference; lastKnownFileType = sourcecode.swift; path = LandmarkList.swift; sourceTree = "<group>"; };
		1FB0CE2C2B5C769100A579F2 /* LandmarkDetail.swift */ = {isa = PBXFileReference; lastKnownFileType = sourcecode.swift; path = LandmarkDetail.swift; sourceTree = "<group>"; };
		1FCB1D172B6051D100F17852 /* BadgeBackground.swift */ = {isa = PBXFileReference; lastKnownFileType = sourcecode.swift; path = BadgeBackground.swift; sourceTree = "<group>"; };
		1FCB1D1A2B60530700F17852 /* Badge.swift */ = {isa = PBXFileReference; fileEncoding = 4; lastKnownFileType = sourcecode.swift; path = Badge.swift; sourceTree = "<group>"; };
		1FCB1D1B2B60530700F17852 /* HexagonParameters.swift */ = {isa = PBXFileReference; fileEncoding = 4; lastKnownFileType = sourcecode.swift; path = HexagonParameters.swift; sourceTree = "<group>"; };
		1FCB1D1C2B60530700F17852 /* RotatedBadgeSymbol.swift */ = {isa = PBXFileReference; fileEncoding = 4; lastKnownFileType = sourcecode.swift; path = RotatedBadgeSymbol.swift; sourceTree = "<group>"; };
		1FCB1D1D2B60530700F17852 /* BadgeSymbol.swift */ = {isa = PBXFileReference; fileEncoding = 4; lastKnownFileType = sourcecode.swift; path = BadgeSymbol.swift; sourceTree = "<group>"; };
		1FD63C452B6E590500DBC773 /* hikeData.json */ = {isa = PBXFileReference; fileEncoding = 4; lastKnownFileType = text.json; path = hikeData.json; sourceTree = "<group>"; };
		1FD63C472B6E591700DBC773 /* Hike.swift */ = {isa = PBXFileReference; lastKnownFileType = sourcecode.swift; path = Hike.swift; sourceTree = "<group>"; };
		1FD63C4A2B6E5A1600DBC773 /* GraphCapsule.swift */ = {isa = PBXFileReference; fileEncoding = 4; lastKnownFileType = sourcecode.swift; path = GraphCapsule.swift; sourceTree = "<group>"; };
		1FD63C4B2B6E5A1600DBC773 /* HikeGraph.swift */ = {isa = PBXFileReference; fileEncoding = 4; lastKnownFileType = sourcecode.swift; path = HikeGraph.swift; sourceTree = "<group>"; };
		1FD63C4C2B6E5A1600DBC773 /* HikeDetail.swift */ = {isa = PBXFileReference; fileEncoding = 4; lastKnownFileType = sourcecode.swift; path = HikeDetail.swift; sourceTree = "<group>"; };
		1FD63C4D2B6E5A1600DBC773 /* HikeView.swift */ = {isa = PBXFileReference; fileEncoding = 4; lastKnownFileType = sourcecode.swift; path = HikeView.swift; sourceTree = "<group>"; };
		1FD63C532B6E832F00DBC773 /* CategoryHome.swift */ = {isa = PBXFileReference; lastKnownFileType = sourcecode.swift; path = CategoryHome.swift; sourceTree = "<group>"; };
		1FD63C552B6E846200DBC773 /* CategoryRow.swift */ = {isa = PBXFileReference; lastKnownFileType = sourcecode.swift; path = CategoryRow.swift; sourceTree = "<group>"; };
		1FD63C572B6E84F400DBC773 /* CategoryItem.swift */ = {isa = PBXFileReference; lastKnownFileType = sourcecode.swift; path = CategoryItem.swift; sourceTree = "<group>"; };
/* End PBXFileReference section */

/* Begin PBXFrameworksBuildPhase section */
		1FB0CE072B5C4BAB00A579F2 /* Frameworks */ = {
			isa = PBXFrameworksBuildPhase;
			buildActionMask = 2147483647;
			files = (
			);
			runOnlyForDeploymentPostprocessing = 0;
		};
/* End PBXFrameworksBuildPhase section */

/* Begin PBXGroup section */
		1F365D142B5D647600702255 /* Helper */ = {
			isa = PBXGroup;
			children = (
				1FB0CE1B2B5C4E3300A579F2 /* CircleImage.swift */,
				1FB0CE1D2B5C559900A579F2 /* MapView.swift */,
				1F365D122B5D636A00702255 /* FavoriteButton.swift */,
			);
			path = Helper;
			sourceTree = "<group>";
		};
		1F365D152B5D648400702255 /* Landmarks */ = {
			isa = PBXGroup;
			children = (
				1FB0CE282B5C749200A579F2 /* LandmarkRow.swift */,
				1FB0CE2A2B5C762D00A579F2 /* LandmarkList.swift */,
				1FB0CE2C2B5C769100A579F2 /* LandmarkDetail.swift */,
			);
			path = Landmarks;
			sourceTree = "<group>";
		};
		1FB0CE012B5C4BAA00A579F2 = {
			isa = PBXGroup;
			children = (
				1FB0CE0C2B5C4BAB00A579F2 /* Landmarks */,
				1FB0CE0B2B5C4BAB00A579F2 /* Products */,
			);
			sourceTree = "<group>";
		};
		1FB0CE0B2B5C4BAB00A579F2 /* Products */ = {
			isa = PBXGroup;
			children = (
				1FB0CE0A2B5C4BAB00A579F2 /* Landmarks.app */,
			);
			name = Products;
			sourceTree = "<group>";
		};
		1FB0CE0C2B5C4BAB00A579F2 /* Landmarks */ = {
			isa = PBXGroup;
			children = (
				1FB0CE0D2B5C4BAB00A579F2 /* LandmarksApp.swift */,
				1FB0CE112B5C4BAC00A579F2 /* Assets.xcassets */,
				1FB0CE252B5C744400A579F2 /* Views */,
				1FB0CE272B5C747600A579F2 /* Model */,
				1FB0CE262B5C746200A579F2 /* Resources */,
				1FB0CE132B5C4BAC00A579F2 /* Preview Content */,
			);
			path = Landmarks;
			sourceTree = "<group>";
		};
		1FB0CE132B5C4BAC00A579F2 /* Preview Content */ = {
			isa = PBXGroup;
			children = (
				1FB0CE142B5C4BAC00A579F2 /* Preview Assets.xcassets */,
			);
			path = "Preview Content";
			sourceTree = "<group>";
		};
		1FB0CE252B5C744400A579F2 /* Views */ = {
			isa = PBXGroup;
			children = (
				1FD63C522B6E831400DBC773 /* Categories */,
				1FD63C492B6E5A1600DBC773 /* Hikes */,
				1FCB1D192B6052EC00F17852 /* Badges */,
				1FB0CE0F2B5C4BAB00A579F2 /* ContentView.swift */,
				1F365D142B5D647600702255 /* Helper */,
				1F365D152B5D648400702255 /* Landmarks */,
			);
			path = Views;
			sourceTree = "<group>";
		};
		1FB0CE262B5C746200A579F2 /* Resources */ = {
			isa = PBXGroup;
			children = (
				1FB0CE1F2B5C57B700A579F2 /* landmarkData.json */,
				1FD63C452B6E590500DBC773 /* hikeData.json */,
			);
			path = Resources;
			sourceTree = "<group>";
		};
		1FB0CE272B5C747600A579F2 /* Model */ = {
			isa = PBXGroup;
			children = (
				1FB0CE212B5C57CE00A579F2 /* Landmark.swift */,
				1FB0CE232B5C5A5B00A579F2 /* ModelData.swift */,
				1FD63C472B6E591700DBC773 /* Hike.swift */,
			);
			path = Model;
			sourceTree = "<group>";
		};
		1FCB1D192B6052EC00F17852 /* Badges */ = {
			isa = PBXGroup;
			children = (
				1FCB1D1A2B60530700F17852 /* Badge.swift */,
				1FCB1D1D2B60530700F17852 /* BadgeSymbol.swift */,
				1FCB1D1B2B60530700F17852 /* HexagonParameters.swift */,
				1FCB1D1C2B60530700F17852 /* RotatedBadgeSymbol.swift */,
				1FCB1D172B6051D100F17852 /* BadgeBackground.swift */,
			);
			path = Badges;
			sourceTree = "<group>";
		};
		1FD63C492B6E5A1600DBC773 /* Hikes */ = {
			isa = PBXGroup;
			children = (
				1FD63C4A2B6E5A1600DBC773 /* GraphCapsule.swift */,
				1FD63C4B2B6E5A1600DBC773 /* HikeGraph.swift */,
				1FD63C4C2B6E5A1600DBC773 /* HikeDetail.swift */,
				1FD63C4D2B6E5A1600DBC773 /* HikeView.swift */,
			);
			path = Hikes;
			sourceTree = "<group>";
		};
		1FD63C522B6E831400DBC773 /* Categories */ = {
			isa = PBXGroup;
			children = (
				1FD63C532B6E832F00DBC773 /* CategoryHome.swift */,
				1FD63C552B6E846200DBC773 /* CategoryRow.swift */,
				1FD63C572B6E84F400DBC773 /* CategoryItem.swift */,
			);
			path = Categories;
			sourceTree = "<group>";
		};
/* End PBXGroup section */

/* Begin PBXNativeTarget section */
		1FB0CE092B5C4BAB00A579F2 /* Landmarks */ = {
			isa = PBXNativeTarget;
			buildConfigurationList = 1FB0CE182B5C4BAC00A579F2 /* Build configuration list for PBXNativeTarget "Landmarks" */;
			buildPhases = (
				1FB0CE062B5C4BAB00A579F2 /* Sources */,
				1FB0CE072B5C4BAB00A579F2 /* Frameworks */,
				1FB0CE082B5C4BAB00A579F2 /* Resources */,
			);
			buildRules = (
			);
			dependencies = (
			);
			name = Landmarks;
			productName = Landmarks;
			productReference = 1FB0CE0A2B5C4BAB00A579F2 /* Landmarks.app */;
			productType = "com.apple.product-type.application";
		};
/* End PBXNativeTarget section */

/* Begin PBXProject section */
		1FB0CE022B5C4BAA00A579F2 /* Project object */ = {
			isa = PBXProject;
			attributes = {
				BuildIndependentTargetsInParallel = 1;
				LastSwiftUpdateCheck = 1520;
				LastUpgradeCheck = 1520;
				TargetAttributes = {
					1FB0CE092B5C4BAB00A579F2 = {
						CreatedOnToolsVersion = 15.2;
					};
				};
			};
			buildConfigurationList = 1FB0CE052B5C4BAA00A579F2 /* Build configuration list for PBXProject "Landmarks" */;
			compatibilityVersion = "Xcode 14.0";
			developmentRegion = en;
			hasScannedForEncodings = 0;
			knownRegions = (
				en,
				Base,
			);
			mainGroup = 1FB0CE012B5C4BAA00A579F2;
			productRefGroup = 1FB0CE0B2B5C4BAB00A579F2 /* Products */;
			projectDirPath = "";
			projectRoot = "";
			targets = (
				1FB0CE092B5C4BAB00A579F2 /* Landmarks */,
			);
		};
/* End PBXProject section */

/* Begin PBXResourcesBuildPhase section */
		1FB0CE082B5C4BAB00A579F2 /* Resources */ = {
			isa = PBXResourcesBuildPhase;
			buildActionMask = 2147483647;
			files = (
				1FD63C462B6E590500DBC773 /* hikeData.json in Resources */,
				1FB0CE152B5C4BAC00A579F2 /* Preview Assets.xcassets in Resources */,
				1FB0CE122B5C4BAC00A579F2 /* Assets.xcassets in Resources */,
				1FB0CE202B5C57B700A579F2 /* landmarkData.json in Resources */,
			);
			runOnlyForDeploymentPostprocessing = 0;
		};
/* End PBXResourcesBuildPhase section */

/* Begin PBXSourcesBuildPhase section */
		1FB0CE062B5C4BAB00A579F2 /* Sources */ = {
			isa = PBXSourcesBuildPhase;
			buildActionMask = 2147483647;
			files = (
				1FD63C562B6E846200DBC773 /* CategoryRow.swift in Sources */,
				1FCB1D1F2B60530700F17852 /* HexagonParameters.swift in Sources */,
				1FD63C542B6E832F00DBC773 /* CategoryHome.swift in Sources */,
				1FD63C4F2B6E5A1600DBC773 /* HikeGraph.swift in Sources */,
				1FB0CE102B5C4BAB00A579F2 /* ContentView.swift in Sources */,
				1FB0CE1E2B5C559900A579F2 /* MapView.swift in Sources */,
				1FD63C4E2B6E5A1600DBC773 /* GraphCapsule.swift in Sources */,
				1FB0CE0E2B5C4BAB00A579F2 /* LandmarksApp.swift in Sources */,
				1F365D132B5D636A00702255 /* FavoriteButton.swift in Sources */,
				1FD63C582B6E84F400DBC773 /* CategoryItem.swift in Sources */,
				1FD63C502B6E5A1600DBC773 /* HikeDetail.swift in Sources */,
				1FCB1D212B60530700F17852 /* BadgeSymbol.swift in Sources */,
				1FD63C482B6E591700DBC773 /* Hike.swift in Sources */,
				1FB0CE2B2B5C762D00A579F2 /* LandmarkList.swift in Sources */,
				1FB0CE2D2B5C769100A579F2 /* LandmarkDetail.swift in Sources */,
				1FB0CE1C2B5C4E3300A579F2 /* CircleImage.swift in Sources */,
				1FD63C512B6E5A1600DBC773 /* HikeView.swift in Sources */,
				1FCB1D202B60530700F17852 /* RotatedBadgeSymbol.swift in Sources */,
				1FCB1D182B6051D100F17852 /* BadgeBackground.swift in Sources */,
				1FB0CE222B5C57CE00A579F2 /* Landmark.swift in Sources */,
				1FB0CE292B5C749200A579F2 /* LandmarkRow.swift in Sources */,
				1FB0CE242B5C5A5B00A579F2 /* ModelData.swift in Sources */,
				1FCB1D1E2B60530700F17852 /* Badge.swift in Sources */,
			);
			runOnlyForDeploymentPostprocessing = 0;
		};
/* End PBXSourcesBuildPhase section */

/* Begin XCBuildConfiguration section */
		1FB0CE162B5C4BAC00A579F2 /* Debug */ = {
			isa = XCBuildConfiguration;
			buildSettings = {
				ALWAYS_SEARCH_USER_PATHS = NO;
				ASSETCATALOG_COMPILER_GENERATE_SWIFT_ASSET_SYMBOL_EXTENSIONS = YES;
				CLANG_ANALYZER_NONNULL = YES;
				CLANG_ANALYZER_NUMBER_OBJECT_CONVERSION = YES_AGGRESSIVE;
				CLANG_CXX_LANGUAGE_STANDARD = "gnu++20";
				CLANG_ENABLE_MODULES = YES;
				CLANG_ENABLE_OBJC_ARC = YES;
				CLANG_ENABLE_OBJC_WEAK = YES;
				CLANG_WARN_BLOCK_CAPTURE_AUTORELEASING = YES;
				CLANG_WARN_BOOL_CONVERSION = YES;
				CLANG_WARN_COMMA = YES;
				CLANG_WARN_CONSTANT_CONVERSION = YES;
				CLANG_WARN_DEPRECATED_OBJC_IMPLEMENTATIONS = YES;
				CLANG_WARN_DIRECT_OBJC_ISA_USAGE = YES_ERROR;
				CLANG_WARN_DOCUMENTATION_COMMENTS = YES;
				CLANG_WARN_EMPTY_BODY = YES;
				CLANG_WARN_ENUM_CONVERSION = YES;
				CLANG_WARN_INFINITE_RECURSION = YES;
				CLANG_WARN_INT_CONVERSION = YES;
				CLANG_WARN_NON_LITERAL_NULL_CONVERSION = YES;
				CLANG_WARN_OBJC_IMPLICIT_RETAIN_SELF = YES;
				CLANG_WARN_OBJC_LITERAL_CONVERSION = YES;
				CLANG_WARN_OBJC_ROOT_CLASS = YES_ERROR;
				CLANG_WARN_QUOTED_INCLUDE_IN_FRAMEWORK_HEADER = YES;
				CLANG_WARN_RANGE_LOOP_ANALYSIS = YES;
				CLANG_WARN_STRICT_PROTOTYPES = YES;
				CLANG_WARN_SUSPICIOUS_MOVE = YES;
				CLANG_WARN_UNGUARDED_AVAILABILITY = YES_AGGRESSIVE;
				CLANG_WARN_UNREACHABLE_CODE = YES;
				CLANG_WARN__DUPLICATE_METHOD_MATCH = YES;
				COPY_PHASE_STRIP = NO;
				DEBUG_INFORMATION_FORMAT = dwarf;
				ENABLE_STRICT_OBJC_MSGSEND = YES;
				ENABLE_TESTABILITY = YES;
				ENABLE_USER_SCRIPT_SANDBOXING = YES;
				GCC_C_LANGUAGE_STANDARD = gnu17;
				GCC_DYNAMIC_NO_PIC = NO;
				GCC_NO_COMMON_BLOCKS = YES;
				GCC_OPTIMIZATION_LEVEL = 0;
				GCC_PREPROCESSOR_DEFINITIONS = (
					"DEBUG=1",
					"$(inherited)",
				);
				GCC_WARN_64_TO_32_BIT_CONVERSION = YES;
				GCC_WARN_ABOUT_RETURN_TYPE = YES_ERROR;
				GCC_WARN_UNDECLARED_SELECTOR = YES;
				GCC_WARN_UNINITIALIZED_AUTOS = YES_AGGRESSIVE;
				GCC_WARN_UNUSED_FUNCTION = YES;
				GCC_WARN_UNUSED_VARIABLE = YES;
				IPHONEOS_DEPLOYMENT_TARGET = 17.2;
				LOCALIZATION_PREFERS_STRING_CATALOGS = YES;
				MTL_ENABLE_DEBUG_INFO = INCLUDE_SOURCE;
				MTL_FAST_MATH = YES;
				ONLY_ACTIVE_ARCH = YES;
				SDKROOT = iphoneos;
				SWIFT_ACTIVE_COMPILATION_CONDITIONS = "DEBUG $(inherited)";
				SWIFT_OPTIMIZATION_LEVEL = "-Onone";
			};
			name = Debug;
		};
		1FB0CE172B5C4BAC00A579F2 /* Release */ = {
			isa = XCBuildConfiguration;
			buildSettings = {
				ALWAYS_SEARCH_USER_PATHS = NO;
				ASSETCATALOG_COMPILER_GENERATE_SWIFT_ASSET_SYMBOL_EXTENSIONS = YES;
				CLANG_ANALYZER_NONNULL = YES;
				CLANG_ANALYZER_NUMBER_OBJECT_CONVERSION = YES_AGGRESSIVE;
				CLANG_CXX_LANGUAGE_STANDARD = "gnu++20";
				CLANG_ENABLE_MODULES = YES;
				CLANG_ENABLE_OBJC_ARC = YES;
				CLANG_ENABLE_OBJC_WEAK = YES;
				CLANG_WARN_BLOCK_CAPTURE_AUTORELEASING = YES;
				CLANG_WARN_BOOL_CONVERSION = YES;
				CLANG_WARN_COMMA = YES;
				CLANG_WARN_CONSTANT_CONVERSION = YES;
				CLANG_WARN_DEPRECATED_OBJC_IMPLEMENTATIONS = YES;
				CLANG_WARN_DIRECT_OBJC_ISA_USAGE = YES_ERROR;
				CLANG_WARN_DOCUMENTATION_COMMENTS = YES;
				CLANG_WARN_EMPTY_BODY = YES;
				CLANG_WARN_ENUM_CONVERSION = YES;
				CLANG_WARN_INFINITE_RECURSION = YES;
				CLANG_WARN_INT_CONVERSION = YES;
				CLANG_WARN_NON_LITERAL_NULL_CONVERSION = YES;
				CLANG_WARN_OBJC_IMPLICIT_RETAIN_SELF = YES;
				CLANG_WARN_OBJC_LITERAL_CONVERSION = YES;
				CLANG_WARN_OBJC_ROOT_CLASS = YES_ERROR;
				CLANG_WARN_QUOTED_INCLUDE_IN_FRAMEWORK_HEADER = YES;
				CLANG_WARN_RANGE_LOOP_ANALYSIS = YES;
				CLANG_WARN_STRICT_PROTOTYPES = YES;
				CLANG_WARN_SUSPICIOUS_MOVE = YES;
				CLANG_WARN_UNGUARDED_AVAILABILITY = YES_AGGRESSIVE;
				CLANG_WARN_UNREACHABLE_CODE = YES;
				CLANG_WARN__DUPLICATE_METHOD_MATCH = YES;
				COPY_PHASE_STRIP = NO;
				DEBUG_INFORMATION_FORMAT = "dwarf-with-dsym";
				ENABLE_NS_ASSERTIONS = NO;
				ENABLE_STRICT_OBJC_MSGSEND = YES;
				ENABLE_USER_SCRIPT_SANDBOXING = YES;
				GCC_C_LANGUAGE_STANDARD = gnu17;
				GCC_NO_COMMON_BLOCKS = YES;
				GCC_WARN_64_TO_32_BIT_CONVERSION = YES;
				GCC_WARN_ABOUT_RETURN_TYPE = YES_ERROR;
				GCC_WARN_UNDECLARED_SELECTOR = YES;
				GCC_WARN_UNINITIALIZED_AUTOS = YES_AGGRESSIVE;
				GCC_WARN_UNUSED_FUNCTION = YES;
				GCC_WARN_UNUSED_VARIABLE = YES;
				IPHONEOS_DEPLOYMENT_TARGET = 17.2;
				LOCALIZATION_PREFERS_STRING_CATALOGS = YES;
				MTL_ENABLE_DEBUG_INFO = NO;
				MTL_FAST_MATH = YES;
				SDKROOT = iphoneos;
				SWIFT_COMPILATION_MODE = wholemodule;
				VALIDATE_PRODUCT = YES;
			};
			name = Release;
		};
		1FB0CE192B5C4BAC00A579F2 /* Debug */ = {
			isa = XCBuildConfiguration;
			buildSettings = {
				ASSETCATALOG_COMPILER_APPICON_NAME = AppIcon;
				ASSETCATALOG_COMPILER_GLOBAL_ACCENT_COLOR_NAME = AccentColor;
				CODE_SIGN_STYLE = Automatic;
				CURRENT_PROJECT_VERSION = 1;
				DEVELOPMENT_ASSET_PATHS = "\"Landmarks/Preview Content\"";
				DEVELOPMENT_TEAM = 6JA85GBMKC;
				ENABLE_PREVIEWS = YES;
				GENERATE_INFOPLIST_FILE = YES;
				INFOPLIST_KEY_UIApplicationSceneManifest_Generation = YES;
				INFOPLIST_KEY_UIApplicationSupportsIndirectInputEvents = YES;
				INFOPLIST_KEY_UILaunchScreen_Generation = YES;
				INFOPLIST_KEY_UISupportedInterfaceOrientations_iPad = "UIInterfaceOrientationPortrait UIInterfaceOrientationPortraitUpsideDown UIInterfaceOrientationLandscapeLeft UIInterfaceOrientationLandscapeRight";
				INFOPLIST_KEY_UISupportedInterfaceOrientations_iPhone = "UIInterfaceOrientationPortrait UIInterfaceOrientationLandscapeLeft UIInterfaceOrientationLandscapeRight";
				LD_RUNPATH_SEARCH_PATHS = (
					"$(inherited)",
					"@executable_path/Frameworks",
				);
				MARKETING_VERSION = 1.0;
				PRODUCT_BUNDLE_IDENTIFIER = me.fabiancampo.Landmarks;
				PRODUCT_NAME = "$(TARGET_NAME)";
				SWIFT_EMIT_LOC_STRINGS = YES;
				SWIFT_VERSION = 5.0;
				TARGETED_DEVICE_FAMILY = "1,2";
			};
			name = Debug;
		};
		1FB0CE1A2B5C4BAC00A579F2 /* Release */ = {
			isa = XCBuildConfiguration;
			buildSettings = {
				ASSETCATALOG_COMPILER_APPICON_NAME = AppIcon;
				ASSETCATALOG_COMPILER_GLOBAL_ACCENT_COLOR_NAME = AccentColor;
				CODE_SIGN_STYLE = Automatic;
				CURRENT_PROJECT_VERSION = 1;
				DEVELOPMENT_ASSET_PATHS = "\"Landmarks/Preview Content\"";
				DEVELOPMENT_TEAM = 6JA85GBMKC;
				ENABLE_PREVIEWS = YES;
				GENERATE_INFOPLIST_FILE = YES;
				INFOPLIST_KEY_UIApplicationSceneManifest_Generation = YES;
				INFOPLIST_KEY_UIApplicationSupportsIndirectInputEvents = YES;
				INFOPLIST_KEY_UILaunchScreen_Generation = YES;
				INFOPLIST_KEY_UISupportedInterfaceOrientations_iPad = "UIInterfaceOrientationPortrait UIInterfaceOrientationPortraitUpsideDown UIInterfaceOrientationLandscapeLeft UIInterfaceOrientationLandscapeRight";
				INFOPLIST_KEY_UISupportedInterfaceOrientations_iPhone = "UIInterfaceOrientationPortrait UIInterfaceOrientationLandscapeLeft UIInterfaceOrientationLandscapeRight";
				LD_RUNPATH_SEARCH_PATHS = (
					"$(inherited)",
					"@executable_path/Frameworks",
				);
				MARKETING_VERSION = 1.0;
				PRODUCT_BUNDLE_IDENTIFIER = me.fabiancampo.Landmarks;
				PRODUCT_NAME = "$(TARGET_NAME)";
				SWIFT_EMIT_LOC_STRINGS = YES;
				SWIFT_VERSION = 5.0;
				TARGETED_DEVICE_FAMILY = "1,2";
			};
			name = Release;
		};
/* End XCBuildConfiguration section */

/* Begin XCConfigurationList section */
		1FB0CE052B5C4BAA00A579F2 /* Build configuration list for PBXProject "Landmarks" */ = {
			isa = XCConfigurationList;
			buildConfigurations = (
				1FB0CE162B5C4BAC00A579F2 /* Debug */,
				1FB0CE172B5C4BAC00A579F2 /* Release */,
			);
			defaultConfigurationIsVisible = 0;
			defaultConfigurationName = Release;
		};
		1FB0CE182B5C4BAC00A579F2 /* Build configuration list for PBXNativeTarget "Landmarks" */ = {
			isa = XCConfigurationList;
			buildConfigurations = (
				1FB0CE192B5C4BAC00A579F2 /* Debug */,
				1FB0CE1A2B5C4BAC00A579F2 /* Release */,
			);
			defaultConfigurationIsVisible = 0;
			defaultConfigurationName = Release;
		};
/* End XCConfigurationList section */
	};
	rootObject = 1FB0CE022B5C4BAA00A579F2 /* Project object */;
}
